{
  "version": 4,
  "terraform_version": "1.11.4",
  "serial": 35,
  "lineage": "4d9d3b13-b989-31ad-7f44-76411f9b4f71",
  "outputs": {
    "vpc_id": {
      "value": "vpc-00e37297bc0d05fef",
      "type": "string"
    }
  },
  "resources": [
    {
      "mode": "data",
      "type": "aws_security_group",
      "name": "my_sg",
      "provider": "provider[\"registry.terraform.io/hashicorp/aws\"]",
      "instances": [
        {
          "schema_version": 0,
          "attributes": {
            "arn": "arn:aws:ec2:us-east-1:481665110417:security-group/sg-091a290281ec45b79",
            "description": "SecurityGroup which allow ssh access",
            "filter": [
              {
                "name": "group-name",
                "values": [
                  "cmtr-959pompn-sg"
                ]
              },
              {
                "name": "vpc-id",
                "values": [
                  "vpc-00e37297bc0d05fef"
                ]
              }
            ],
            "id": "sg-091a290281ec45b79",
            "name": "cmtr-959pompn-sg",
            "region": "us-east-1",
            "tags": {
              "Name": "cmtr-959pompn-sg"
            },
            "timeouts": null,
            "vpc_id": "vpc-00e37297bc0d05fef"
          },
          "sensitive_attributes": []
        }
      ]
    },
    {
      "mode": "data",
      "type": "aws_subnets",
      "name": "selected_subnets",
      "provider": "provider[\"registry.terraform.io/hashicorp/aws\"]",
      "instances": [
        {
          "schema_version": 0,
          "attributes": {
            "filter": [
              {
                "name": "vpc-id",
                "values": [
                  "vpc-00e37297bc0d05fef"
                ]
              }
            ],
            "id": "us-east-1",
            "ids": [
              "subnet-03682ae2faa70ee61",
              "subnet-052788ae08d54a4bf",
              "subnet-0e5c49e4719352e39",
              "subnet-00f088aa7495aa96f"
            ],
            "region": "us-east-1",
            "tags": null,
            "timeouts": null
          },
          "sensitive_attributes": []
        }
      ]
    },
    {
      "mode": "data",
      "type": "aws_vpc",
      "name": "selected_vpc",
      "provider": "provider[\"registry.terraform.io/hashicorp/aws\"]",
      "instances": [
        {
          "schema_version": 0,
          "attributes": {
            "arn": "arn:aws:ec2:us-east-1:481665110417:vpc/vpc-00e37297bc0d05fef",
            "cidr_block": "10.0.0.0/16",
            "cidr_block_associations": [
              {
                "association_id": "vpc-cidr-assoc-0435f78df2f6d4a89",
                "cidr_block": "10.0.0.0/16",
                "state": "associated"
              }
            ],
            "default": false,
            "dhcp_options_id": "dopt-0f17b4df13f4824c7",
            "enable_dns_hostnames": false,
            "enable_dns_support": true,
            "enable_network_address_usage_metrics": false,
            "filter": null,
            "id": "vpc-00e37297bc0d05fef",
            "instance_tenancy": "default",
            "ipv6_association_id": "",
            "ipv6_cidr_block": "",
            "main_route_table_id": "rtb-0db04f402c48ed5d8",
            "owner_id": "481665110417",
            "region": "us-east-1",
            "state": null,
            "tags": {
              "Name": "cmtr-959pompn-vpc"
            },
            "timeouts": null
          },
          "sensitive_attributes": []
        }
      ]
    },
    {
      "mode": "managed",
      "type": "aws_instance",
      "name": "web_server",
      "provider": "provider[\"registry.terraform.io/hashicorp/aws\"]",
      "instances": [
        {
          "schema_version": 2,
          "attributes": {
            "ami": "ami-0ecb62995f68bb549",
            "arn": "arn:aws:ec2:us-east-1:481665110417:instance/i-0ce5c1f39f5215387",
            "associate_public_ip_address": true,
            "availability_zone": "us-east-1a",
            "capacity_reservation_specification": [
              {
                "capacity_reservation_preference": "open",
                "capacity_reservation_target": []
              }
            ],
            "cpu_options": [
              {
                "amd_sev_snp": "",
                "core_count": 1,
                "threads_per_core": 1
              }
            ],
            "credit_specification": [
              {
                "cpu_credits": "standard"
              }
            ],
            "disable_api_stop": false,
            "disable_api_termination": false,
            "ebs_block_device": [],
            "ebs_optimized": false,
            "enable_primary_ipv6": null,
            "enclave_options": [
              {
                "enabled": false
              }
            ],
            "ephemeral_block_device": [],
            "force_destroy": false,
            "get_password_data": false,
            "hibernation": false,
            "host_id": "",
            "host_resource_group_arn": null,
            "iam_instance_profile": "",
            "id": "i-0ce5c1f39f5215387",
            "instance_initiated_shutdown_behavior": "stop",
            "instance_lifecycle": "",
            "instance_market_options": [],
            "instance_state": "running",
            "instance_type": "t2.micro",
            "ipv6_address_count": 0,
            "ipv6_addresses": [],
            "key_name": "cmtr-959pompn-keypair",
            "launch_template": [],
            "maintenance_options": [
              {
                "auto_recovery": "default"
              }
            ],
            "metadata_options": [
              {
                "http_endpoint": "enabled",
                "http_protocol_ipv6": "disabled",
                "http_put_response_hop_limit": 2,
                "http_tokens": "required",
                "instance_metadata_tags": "disabled"
              }
            ],
            "monitoring": false,
            "network_interface": [],
            "outpost_arn": "",
            "password_data": "",
            "placement_group": "",
            "placement_group_id": "",
            "placement_partition_number": 0,
            "primary_network_interface": [
              {
                "delete_on_termination": true,
                "network_interface_id": "eni-0db382cbacde3edb4"
              }
            ],
            "primary_network_interface_id": "eni-0db382cbacde3edb4",
            "private_dns": "ip-10-0-1-67.ec2.internal",
            "private_dns_name_options": [
              {
                "enable_resource_name_dns_a_record": false,
                "enable_resource_name_dns_aaaa_record": false,
                "hostname_type": "ip-name"
              }
            ],
            "private_ip": "10.0.1.67",
            "public_dns": "",
            "public_ip": "18.208.160.66",
            "region": "us-east-1",
            "root_block_device": [
              {
                "delete_on_termination": true,
                "device_name": "/dev/sda1",
                "encrypted": false,
                "iops": 3000,
                "kms_key_id": "",
                "tags": {},
                "tags_all": {},
                "throughput": 125,
                "volume_id": "vol-079d2936b3d4c8fbe",
                "volume_size": 8,
                "volume_type": "gp3"
              }
            ],
            "secondary_private_ips": [],
            "security_groups": [],
            "source_dest_check": true,
            "spot_instance_request_id": "",
            "subnet_id": "subnet-03682ae2faa70ee61",
            "tags": {
              "ID": "cmtr-959pompn",
              "Name": "cmtr-959pompn-ec2",
              "Project": "epam-tf-lab"
            },
            "tags_all": {
              "ID": "cmtr-959pompn",
              "Name": "cmtr-959pompn-ec2",
              "Project": "epam-tf-lab"
            },
            "tenancy": "default",
            "timeouts": null,
            "user_data": null,
            "user_data_base64": null,
            "user_data_replace_on_change": false,
            "volume_tags": null,
            "vpc_security_group_ids": [
              "sg-091a290281ec45b79"
            ]
          },
          "sensitive_attributes": [],
          "private": "eyJlMmJmYjczMC1lY2FhLTExZTYtOGY4OC0zNDM2M2JjN2M0YzAiOnsiY3JlYXRlIjo2MDAwMDAwMDAwMDAsImRlbGV0ZSI6MTIwMDAwMDAwMDAwMCwicmVhZCI6OTAwMDAwMDAwMDAwLCJ1cGRhdGUiOjYwMDAwMDAwMDAwMH0sInNjaGVtYV92ZXJzaW9uIjoiMiJ9",
          "dependencies": [
            "aws_key_pair.cmtr-959pompn-keypair",
            "data.aws_security_group.my_sg",
            "data.aws_subnets.selected_subnets",
            "data.aws_vpc.selected_vpc"
          ]
        }
      ]
    },
    {
      "mode": "managed",
      "type": "aws_key_pair",
      "name": "cmtr-959pompn-keypair",
      "provider": "provider[\"registry.terraform.io/hashicorp/aws\"]",
      "instances": [
        {
          "schema_version": 1,
          "attributes": {
            "arn": "arn:aws:ec2:us-east-1:481665110417:key-pair/cmtr-959pompn-keypair",
            "fingerprint": "df:ac:dd:2c:4f:f1:53:8f:d4:f8:18:5d:b0:46:66:f8",
            "id": "cmtr-959pompn-keypair",
            "key_name": "cmtr-959pompn-keypair",
            "key_name_prefix": "",
            "key_pair_id": "key-0b68e42e9505e5615",
            "key_type": "rsa",
            "public_key": "ssh-rsa AAAAB3NzaC1yc2EAAAADAQABAAACAQCziAl6o+mXXxcHLsSzKUhcOootFfFDbbijx8uPFiykMB7/+3dSf6fHyg0r8gJ5NE5K1Mvb7BACV4UuUwl7N10vaAYsnseMJDhRJa1WqCY6n3IHN5gtLeYyAypycPPsnVPKdSEjpJERoXyTb1nLxjQZQ/tVyDXqhEgPeNpzKI4DAU6+L3xEIeoBbHqBzJEyIyc0SdqdhEk0hykRk0LPKDq/3iax3PefQQN0fJYC2VyYgA0EkN7QW//hauUDWVhIJJi3FWG05xqA5t072WV90ODblpnH63V1UArT+CrRbwOI16Zkt28kA0jAkI9BMEJhu8nu6eZnEIR7rON/AfHhVkTU2M+bSBRTt7ymmDZk7r+Nwsr/KhH5YRxaeKNFE5nknfSZrseMxIjlWyxJhaj6BLsS2EwFcxF0KqSixIivPl8VFduYLTCiMxkiRNccK0bzGhiK0yjV5VkmyHF4VA82nzZy2cGwh5SYaM/HCsrNF5o4vvIKVJK7s7e5Q7O3cFJQdPRT5JYAiB9Qmt1DqoCTf9yHh8b0HMktdOUCebLOW6UQq3+oR95q6iPyq3qCqr/i9rSuELCa5+C/pf2onBapG/+P4lqYkbR/wLTdHpYPvwCumni116Pnz3fuu3oyrva+YVvJNwFMSiSByJ3jexf1UXEGDkqcBAA3bnDTat7rX0X3Tw== sarmisthajena@Sarmisthas-MacBook-Pro.local",
            "region": "us-east-1",
            "tags": {},
            "tags_all": {}
          },
          "sensitive_attributes": [],
          "private": "eyJzY2hlbWFfdmVyc2lvbiI6IjEifQ=="
        }
      ]
    }
  ],
  "check_results": null
}
